{
  "version": 4,
  "terraform_version": "1.7.4",
  "serial": 11,
  "lineage": "02de0ac4-817c-a55e-af05-87fe7d00eccc",
  "outputs": {},
  "resources": [
    {
      "mode": "managed",
      "type": "digitalocean_droplet",
      "name": "web",
      "provider": "provider[\"registry.terraform.io/digitalocean/digitalocean\"]",
      "instances": [
        {
          "schema_version": 1,
          "attributes": {
            "backups": false,
            "created_at": "2024-02-27T19:17:17Z",
            "disk": 25,
            "droplet_agent": null,
            "graceful_shutdown": false,
            "id": "403659193",
            "image": "ubuntu-20-04-x64",
            "ipv4_address": "209.38.242.144",
            "ipv4_address_private": "10.114.0.2",
            "ipv6": false,
            "ipv6_address": "",
            "locked": false,
            "memory": 1024,
            "monitoring": false,
            "name": "web-1",
            "price_hourly": 0.00893,
            "price_monthly": 6,
            "private_networking": true,
            "region": "fra1",
            "resize_disk": true,
            "size": "s-1vcpu-1gb",
            "ssh_keys": null,
            "status": "active",
            "tags": null,
            "timeouts": null,
            "urn": "do:droplet:403659193",
            "user_data": "2f9086e7819131c0a30252c9497fe838745be12b",
            "vcpus": 1,
            "volume_ids": [],
            "vpc_uuid": "2bf47bdd-e8e7-4c7c-9af2-350e1b501ef8"
          },
          "sensitive_attributes": [],
          "private": "eyJlMmJmYjczMC1lY2FhLTExZTYtOGY4OC0zNDM2M2JjN2M0YzAiOnsiY3JlYXRlIjozNjAwMDAwMDAwMDAwLCJkZWxldGUiOjYwMDAwMDAwMDAwLCJ1cGRhdGUiOjM2MDAwMDAwMDAwMDB9LCJzY2hlbWFfdmVyc2lvbiI6IjEifQ=="
        }
      ]
    }
  ],
  "check_results": null
}
